{
  "name": "no-cursing",
  "version": "1.0.0",
  "lockfileVersion": 3,
  "requires": true,
  "packages": {
    "": {
      "name": "no-cursing",
      "version": "1.0.0",
      "license": "WTFPL",
      "dependencies": {
        "csv-parser": "^3.2.0",
        "no-cursing": "^1.0.0"
      }
    },
    "node_modules/csv-parser": {
      "version": "3.2.0",
      "resolved": "https://registry.npmjs.org/csv-parser/-/csv-parser-3.2.0.tgz",
      "integrity": "sha512-fgKbp+AJbn1h2dcAHKIdKNSSjfp43BZZykXsCjzALjKy80VXQNHPFJ6T9Afwdzoj24aMkq8GwDS7KGcDPpejrA==",
      "bin": {
        "csv-parser": "bin/csv-parser"
      },
      "engines": {
        "node": ">= 10"
      }
    },
    "node_modules/no-cursing": {
      "version": "1.0.0",
      "resolved": "https://registry.npmjs.org/no-cursing/-/no-cursing-1.0.0.tgz",
      "integrity": "sha512-/HiP6NvN7lQzdZwPxnhtNdYb826ILLPvdkxuS/WZJOgCmrw/d3EFrLJJQVjWbDAAHlDwOCPoZA9N0iada3VdPw==",
      "license": "WTFPL",
      "dependencies": {
        "csv-parser": "^3.2.0"
      }
    }
  }
}
